
Microsoft Visual Studio Solution File, Format Version 12.00
# Visual Studio Version 17
VisualStudioVersion = 17.14.36327.8
MinimumVisualStudioVersion = 10.0.40219.1
Project("{2150E333-8FDC-42A3-9474-1A3956D46DE8}") = "ApiGateways", "ApiGateways", "{02EA681E-C7D8-13C7-8484-4AC65E1B71E8}"
EndProject
Project("{2150E333-8FDC-42A3-9474-1A3956D46DE8}") = "Identifies", "Identifies", "{6B68EA94-E43A-4530-A615-D7B369BFEB84}"
EndProject
Project("{2150E333-8FDC-42A3-9474-1A3956D46DE8}") = "Services", "Services", "{702CD765-6B99-42D5-BE1E-A5EDD38FFCBA}"
EndProject
Project("{2150E333-8FDC-42A3-9474-1A3956D46DE8}") = "Movies", "Movies", "{D680AC51-5ED7-4A64-ABBE-4DF9B00E9443}"
EndProject
Project("{2150E333-8FDC-42A3-9474-1A3956D46DE8}") = "WebApps", "WebApps", "{5B6B06CB-C522-408F-AF59-7DD22F54FA00}"
EndProject
Project("{FAE04EC0-301F-11D3-BF4B-00C04F79EFBC}") = "Movies.API", "Services\Movies\Movies.API\Movies.API.csproj", "{92E8C6CA-938C-45B8-BBD4-147C33DD5B59}"
EndProject
Project("{FAE04EC0-301F-11D3-BF4B-00C04F79EFBC}") = "IdentityServer", "Services\Identifies\IdentityServer\IdentityServer.csproj", "{DB0909B0-C6A8-4693-8D94-2B658219B2E8}"
EndProject
Project("{FAE04EC0-301F-11D3-BF4B-00C04F79EFBC}") = "WebUI", "WebApps\WebUI\WebUI.csproj", "{850F8666-C541-4E00-879C-6A508E7AD931}"
EndProject
Project("{FAE04EC0-301F-11D3-BF4B-00C04F79EFBC}") = "YarpApiGateway", "ApiGateways\YarpApiGateway\YarpApiGateway.csproj", "{969419F3-77C8-44F1-ABAE-A3CB754CA0AF}"
EndProject
Project("{2150E333-8FDC-42A3-9474-1A3956D46DE8}") = "Old", "Old", "{CF039C69-43A2-4420-8806-581EC471F7F4}"
EndProject
Project("{FAE04EC0-301F-11D3-BF4B-00C04F79EFBC}") = "ApiGateway", "Old\ApiGateways\ApiGateway\ApiGateway.csproj", "{D51A0818-3F36-74FF-D950-4A20F13A235F}"
EndProject
Project("{FAE04EC0-301F-11D3-BF4B-00C04F79EFBC}") = "IdentityServer", "Old\Identise\IdentityServer\IdentityServer.csproj", "{683E588C-E153-5D21-3ECA-D2C4633424DD}"
EndProject
Project("{FAE04EC0-301F-11D3-BF4B-00C04F79EFBC}") = "Movies.API", "Old\Movies\Movies.API\Movies.API.csproj", "{94755F96-EB17-1652-7634-5B7C9FC900CA}"
EndProject
Project("{FAE04EC0-301F-11D3-BF4B-00C04F79EFBC}") = "Movies.Client", "Old\WebApps\Movies.Client\Movies.Client.csproj", "{93E4018B-48A9-1587-CA16-BC846BC8BAF2}"
EndProject
Global
	GlobalSection(SolutionConfigurationPlatforms) = preSolution
		Debug|Any CPU = Debug|Any CPU
		Release|Any CPU = Release|Any CPU
	EndGlobalSection
	GlobalSection(ProjectConfigurationPlatforms) = postSolution
		{92E8C6CA-938C-45B8-BBD4-147C33DD5B59}.Debug|Any CPU.ActiveCfg = Debug|Any CPU
		{92E8C6CA-938C-45B8-BBD4-147C33DD5B59}.Debug|Any CPU.Build.0 = Debug|Any CPU
		{92E8C6CA-938C-45B8-BBD4-147C33DD5B59}.Release|Any CPU.ActiveCfg = Release|Any CPU
		{92E8C6CA-938C-45B8-BBD4-147C33DD5B59}.Release|Any CPU.Build.0 = Release|Any CPU
		{DB0909B0-C6A8-4693-8D94-2B658219B2E8}.Debug|Any CPU.ActiveCfg = Debug|Any CPU
		{DB0909B0-C6A8-4693-8D94-2B658219B2E8}.Debug|Any CPU.Build.0 = Debug|Any CPU
		{DB0909B0-C6A8-4693-8D94-2B658219B2E8}.Release|Any CPU.ActiveCfg = Release|Any CPU
		{DB0909B0-C6A8-4693-8D94-2B658219B2E8}.Release|Any CPU.Build.0 = Release|Any CPU
		{850F8666-C541-4E00-879C-6A508E7AD931}.Debug|Any CPU.ActiveCfg = Debug|Any CPU
		{850F8666-C541-4E00-879C-6A508E7AD931}.Debug|Any CPU.Build.0 = Debug|Any CPU
		{850F8666-C541-4E00-879C-6A508E7AD931}.Release|Any CPU.ActiveCfg = Release|Any CPU
		{850F8666-C541-4E00-879C-6A508E7AD931}.Release|Any CPU.Build.0 = Release|Any CPU
		{969419F3-77C8-44F1-ABAE-A3CB754CA0AF}.Debug|Any CPU.ActiveCfg = Debug|Any CPU
		{969419F3-77C8-44F1-ABAE-A3CB754CA0AF}.Debug|Any CPU.Build.0 = Debug|Any CPU
		{969419F3-77C8-44F1-ABAE-A3CB754CA0AF}.Release|Any CPU.ActiveCfg = Release|Any CPU
		{969419F3-77C8-44F1-ABAE-A3CB754CA0AF}.Release|Any CPU.Build.0 = Release|Any CPU
		{D51A0818-3F36-74FF-D950-4A20F13A235F}.Debug|Any CPU.ActiveCfg = Debug|Any CPU
		{D51A0818-3F36-74FF-D950-4A20F13A235F}.Debug|Any CPU.Build.0 = Debug|Any CPU
		{D51A0818-3F36-74FF-D950-4A20F13A235F}.Release|Any CPU.ActiveCfg = Release|Any CPU
		{D51A0818-3F36-74FF-D950-4A20F13A235F}.Release|Any CPU.Build.0 = Release|Any CPU
		{683E588C-E153-5D21-3ECA-D2C4633424DD}.Debug|Any CPU.ActiveCfg = Debug|Any CPU
		{683E588C-E153-5D21-3ECA-D2C4633424DD}.Debug|Any CPU.Build.0 = Debug|Any CPU
		{683E588C-E153-5D21-3ECA-D2C4633424DD}.Release|Any CPU.ActiveCfg = Release|Any CPU
		{683E588C-E153-5D21-3ECA-D2C4633424DD}.Release|Any CPU.Build.0 = Release|Any CPU
		{94755F96-EB17-1652-7634-5B7C9FC900CA}.Debug|Any CPU.ActiveCfg = Debug|Any CPU
		{94755F96-EB17-1652-7634-5B7C9FC900CA}.Debug|Any CPU.Build.0 = Debug|Any CPU
		{94755F96-EB17-1652-7634-5B7C9FC900CA}.Release|Any CPU.ActiveCfg = Release|Any CPU
		{94755F96-EB17-1652-7634-5B7C9FC900CA}.Release|Any CPU.Build.0 = Release|Any CPU
		{93E4018B-48A9-1587-CA16-BC846BC8BAF2}.Debug|Any CPU.ActiveCfg = Debug|Any CPU
		{93E4018B-48A9-1587-CA16-BC846BC8BAF2}.Debug|Any CPU.Build.0 = Debug|Any CPU
		{93E4018B-48A9-1587-CA16-BC846BC8BAF2}.Release|Any CPU.ActiveCfg = Release|Any CPU
		{93E4018B-48A9-1587-CA16-BC846BC8BAF2}.Release|Any CPU.Build.0 = Release|Any CPU
	EndGlobalSection
	GlobalSection(SolutionProperties) = preSolution
		HideSolutionNode = FALSE
	EndGlobalSection
	GlobalSection(NestedProjects) = preSolution
		{6B68EA94-E43A-4530-A615-D7B369BFEB84} = {702CD765-6B99-42D5-BE1E-A5EDD38FFCBA}
		{D680AC51-5ED7-4A64-ABBE-4DF9B00E9443} = {702CD765-6B99-42D5-BE1E-A5EDD38FFCBA}
		{92E8C6CA-938C-45B8-BBD4-147C33DD5B59} = {D680AC51-5ED7-4A64-ABBE-4DF9B00E9443}
		{DB0909B0-C6A8-4693-8D94-2B658219B2E8} = {6B68EA94-E43A-4530-A615-D7B369BFEB84}
		{850F8666-C541-4E00-879C-6A508E7AD931} = {5B6B06CB-C522-408F-AF59-7DD22F54FA00}
		{969419F3-77C8-44F1-ABAE-A3CB754CA0AF} = {02EA681E-C7D8-13C7-8484-4AC65E1B71E8}
		{D51A0818-3F36-74FF-D950-4A20F13A235F} = {CF039C69-43A2-4420-8806-581EC471F7F4}
		{683E588C-E153-5D21-3ECA-D2C4633424DD} = {CF039C69-43A2-4420-8806-581EC471F7F4}
		{94755F96-EB17-1652-7634-5B7C9FC900CA} = {CF039C69-43A2-4420-8806-581EC471F7F4}
		{93E4018B-48A9-1587-CA16-BC846BC8BAF2} = {CF039C69-43A2-4420-8806-581EC471F7F4}
	EndGlobalSection
	GlobalSection(ExtensibilityGlobals) = postSolution
		SolutionGuid = {911E68B9-DB80-4A2F-8F55-178B58D589BB}
	EndGlobalSection
EndGlobal
